
Microsoft Visual Studio Solution File, Format Version 12.00
# Visual Studio Version 17
VisualStudioVersion = 17.0.31903.59
MinimumVisualStudioVersion = 10.0.40219.1
Project("{2150E333-8FDC-42A3-9474-1A3956D46DE8}") = "SolutionFiles", "SolutionFiles", "{C468B8D5-0C80-42D7-B917-584ACB469B35}"
	ProjectSection(SolutionItems) = preProject
		.gitattributes = .gitattributes
		.gitignore = .gitignore
	EndProjectSection
EndProject
Project("{FAE04EC0-301F-11D3-BF4B-00C04F79EFBC}") = "HugoBlog.Infrastructure", "HugoBlog.Infrastructure\HugoBlog.Infrastructure.csproj", "{831908BF-FBA8-4915-B45B-45FE724FEF14}"
EndProject
Project("{FAE04EC0-301F-11D3-BF4B-00C04F79EFBC}") = "HugoBlog", "HugoBlog\HugoBlog.csproj", "{10A0F69B-D7BE-4006-8E3B-7EAD571A24D1}"
EndProject
Global
	GlobalSection(SolutionConfigurationPlatforms) = preSolution
		Debug|Any CPU = Debug|Any CPU
		Release|Any CPU = Release|Any CPU
	EndGlobalSection
	GlobalSection(SolutionProperties) = preSolution
		HideSolutionNode = FALSE
	EndGlobalSection
	GlobalSection(ProjectConfigurationPlatforms) = postSolution
		{831908BF-FBA8-4915-B45B-45FE724FEF14}.Debug|Any CPU.ActiveCfg = Debug|Any CPU
		{831908BF-FBA8-4915-B45B-45FE724FEF14}.Debug|Any CPU.Build.0 = Debug|Any CPU
		{831908BF-FBA8-4915-B45B-45FE724FEF14}.Release|Any CPU.ActiveCfg = Release|Any CPU
		{831908BF-FBA8-4915-B45B-45FE724FEF14}.Release|Any CPU.Build.0 = Release|Any CPU
		{10A0F69B-D7BE-4006-8E3B-7EAD571A24D1}.Debug|Any CPU.ActiveCfg = Debug|Any CPU
		{10A0F69B-D7BE-4006-8E3B-7EAD571A24D1}.Debug|Any CPU.Build.0 = Debug|Any CPU
		{10A0F69B-D7BE-4006-8E3B-7EAD571A24D1}.Release|Any CPU.ActiveCfg = Release|Any CPU
		{10A0F69B-D7BE-4006-8E3B-7EAD571A24D1}.Release|Any CPU.Build.0 = Release|Any CPU
	EndGlobalSection
EndGlobal
